
Microsoft Visual Studio Solution File, Format Version 12.00
# Visual Studio Version 17
VisualStudioVersion = 17.0.31903.59
MinimumVisualStudioVersion = 10.0.40219.1
Project("{2150E333-8FDC-42A3-9474-1A3956D46DE8}") = "src", "src", "{827E0CD3-B72D-47B6-A68D-7590B98EB39B}"
EndProject
Project("{2150E333-8FDC-42A3-9474-1A3956D46DE8}") = "Core", "Core", "{8D626EA8-CB54-BC41-363A-217881BEBA6E}"
EndProject
Project("{FAE04EC0-301F-11D3-BF4B-00C04F79EFBC}") = "DotGPT.Core", "src\Core\DotGPT.Core.csproj", "{507C4E6B-A698-4F2E-BD05-6174847641B9}"
EndProject
Project("{FAE04EC0-301F-11D3-BF4B-00C04F79EFBC}") = "DotGPT.Application", "src\Application\DotGPT.Application.csproj", "{97FE60E6-13DB-4D1B-8480-ACDDFA5F6D36}"
EndProject
Project("{FAE04EC0-301F-11D3-BF4B-00C04F79EFBC}") = "DotGPT.Infrastructure", "src\Infrastructure\DotGPT.Infrastructure.csproj", "{85E78B98-CFDC-4C32-B1C6-6ED9A281F1F3}"
EndProject
Project("{FAE04EC0-301F-11D3-BF4B-00C04F79EFBC}") = "DotGPT.Server", "src\Server\DotGPT.Server.csproj", "{5DE195B7-7E39-4502-A198-CA9E48E2680C}"
EndProject
Project("{FAE04EC0-301F-11D3-BF4B-00C04F79EFBC}") = "DotGPT.Client", "src\Client\DotGPT.Client.csproj", "{E3674121-677D-4162-909F-04B7F2CF2063}"
EndProject
Project("{2150E333-8FDC-42A3-9474-1A3956D46DE8}") = "Solution Items", "Solution Items", "{02EA681E-C7D8-13C7-8484-4AC65E1B71E8}"
EndProject
Project("{E53339B2-1760-4266-BCC7-CA923CBCF16C}") = "docker-compose", "docker-compose.dcproj", "{81DDED9D-158B-E303-5F62-77A2896D2A5A}"
EndProject
Global
	GlobalSection(SolutionConfigurationPlatforms) = preSolution
		Debug|Any CPU = Debug|Any CPU
		Debug|x64 = Debug|x64
		Debug|x86 = Debug|x86
		Release|Any CPU = Release|Any CPU
		Release|x64 = Release|x64
		Release|x86 = Release|x86
	EndGlobalSection
	GlobalSection(ProjectConfigurationPlatforms) = postSolution
		{507C4E6B-A698-4F2E-BD05-6174847641B9}.Debug|Any CPU.ActiveCfg = Debug|Any CPU
		{507C4E6B-A698-4F2E-BD05-6174847641B9}.Debug|Any CPU.Build.0 = Debug|Any CPU
		{507C4E6B-A698-4F2E-BD05-6174847641B9}.Debug|x64.ActiveCfg = Debug|Any CPU
		{507C4E6B-A698-4F2E-BD05-6174847641B9}.Debug|x64.Build.0 = Debug|Any CPU
		{507C4E6B-A698-4F2E-BD05-6174847641B9}.Debug|x86.ActiveCfg = Debug|Any CPU
		{507C4E6B-A698-4F2E-BD05-6174847641B9}.Debug|x86.Build.0 = Debug|Any CPU
		{507C4E6B-A698-4F2E-BD05-6174847641B9}.Release|Any CPU.ActiveCfg = Release|Any CPU
		{507C4E6B-A698-4F2E-BD05-6174847641B9}.Release|Any CPU.Build.0 = Release|Any CPU
		{507C4E6B-A698-4F2E-BD05-6174847641B9}.Release|x64.ActiveCfg = Release|Any CPU
		{507C4E6B-A698-4F2E-BD05-6174847641B9}.Release|x64.Build.0 = Release|Any CPU
		{507C4E6B-A698-4F2E-BD05-6174847641B9}.Release|x86.ActiveCfg = Release|Any CPU
		{507C4E6B-A698-4F2E-BD05-6174847641B9}.Release|x86.Build.0 = Release|Any CPU
		{97FE60E6-13DB-4D1B-8480-ACDDFA5F6D36}.Debug|Any CPU.ActiveCfg = Debug|Any CPU
		{97FE60E6-13DB-4D1B-8480-ACDDFA5F6D36}.Debug|Any CPU.Build.0 = Debug|Any CPU
		{97FE60E6-13DB-4D1B-8480-ACDDFA5F6D36}.Debug|x64.ActiveCfg = Debug|Any CPU
		{97FE60E6-13DB-4D1B-8480-ACDDFA5F6D36}.Debug|x64.Build.0 = Debug|Any CPU
		{97FE60E6-13DB-4D1B-8480-ACDDFA5F6D36}.Debug|x86.ActiveCfg = Debug|Any CPU
		{97FE60E6-13DB-4D1B-8480-ACDDFA5F6D36}.Debug|x86.Build.0 = Debug|Any CPU
		{97FE60E6-13DB-4D1B-8480-ACDDFA5F6D36}.Release|Any CPU.ActiveCfg = Release|Any CPU
		{97FE60E6-13DB-4D1B-8480-ACDDFA5F6D36}.Release|Any CPU.Build.0 = Release|Any CPU
		{97FE60E6-13DB-4D1B-8480-ACDDFA5F6D36}.Release|x64.ActiveCfg = Release|Any CPU
		{97FE60E6-13DB-4D1B-8480-ACDDFA5F6D36}.Release|x64.Build.0 = Release|Any CPU
		{97FE60E6-13DB-4D1B-8480-ACDDFA5F6D36}.Release|x86.ActiveCfg = Release|Any CPU
		{97FE60E6-13DB-4D1B-8480-ACDDFA5F6D36}.Release|x86.Build.0 = Release|Any CPU
		{85E78B98-CFDC-4C32-B1C6-6ED9A281F1F3}.Debug|Any CPU.ActiveCfg = Debug|Any CPU
		{85E78B98-CFDC-4C32-B1C6-6ED9A281F1F3}.Debug|Any CPU.Build.0 = Debug|Any CPU
		{85E78B98-CFDC-4C32-B1C6-6ED9A281F1F3}.Debug|x64.ActiveCfg = Debug|Any CPU
		{85E78B98-CFDC-4C32-B1C6-6ED9A281F1F3}.Debug|x64.Build.0 = Debug|Any CPU
		{85E78B98-CFDC-4C32-B1C6-6ED9A281F1F3}.Debug|x86.ActiveCfg = Debug|Any CPU
		{85E78B98-CFDC-4C32-B1C6-6ED9A281F1F3}.Debug|x86.Build.0 = Debug|Any CPU
		{85E78B98-CFDC-4C32-B1C6-6ED9A281F1F3}.Release|Any CPU.ActiveCfg = Release|Any CPU
		{85E78B98-CFDC-4C32-B1C6-6ED9A281F1F3}.Release|Any CPU.Build.0 = Release|Any CPU
		{85E78B98-CFDC-4C32-B1C6-6ED9A281F1F3}.Release|x64.ActiveCfg = Release|Any CPU
		{85E78B98-CFDC-4C32-B1C6-6ED9A281F1F3}.Release|x64.Build.0 = Release|Any CPU
		{85E78B98-CFDC-4C32-B1C6-6ED9A281F1F3}.Release|x86.ActiveCfg = Release|Any CPU
		{85E78B98-CFDC-4C32-B1C6-6ED9A281F1F3}.Release|x86.Build.0 = Release|Any CPU
		{5DE195B7-7E39-4502-A198-CA9E48E2680C}.Debug|Any CPU.ActiveCfg = Debug|Any CPU
		{5DE195B7-7E39-4502-A198-CA9E48E2680C}.Debug|Any CPU.Build.0 = Debug|Any CPU
		{5DE195B7-7E39-4502-A198-CA9E48E2680C}.Debug|x64.ActiveCfg = Debug|Any CPU
		{5DE195B7-7E39-4502-A198-CA9E48E2680C}.Debug|x64.Build.0 = Debug|Any CPU
		{5DE195B7-7E39-4502-A198-CA9E48E2680C}.Debug|x86.ActiveCfg = Debug|Any CPU
		{5DE195B7-7E39-4502-A198-CA9E48E2680C}.Debug|x86.Build.0 = Debug|Any CPU
		{5DE195B7-7E39-4502-A198-CA9E48E2680C}.Release|Any CPU.ActiveCfg = Release|Any CPU
		{5DE195B7-7E39-4502-A198-CA9E48E2680C}.Release|Any CPU.Build.0 = Release|Any CPU
		{5DE195B7-7E39-4502-A198-CA9E48E2680C}.Release|x64.ActiveCfg = Release|Any CPU
		{5DE195B7-7E39-4502-A198-CA9E48E2680C}.Release|x64.Build.0 = Release|Any CPU
		{5DE195B7-7E39-4502-A198-CA9E48E2680C}.Release|x86.ActiveCfg = Release|Any CPU
		{5DE195B7-7E39-4502-A198-CA9E48E2680C}.Release|x86.Build.0 = Release|Any CPU
		{E3674121-677D-4162-909F-04B7F2CF2063}.Debug|Any CPU.ActiveCfg = Debug|Any CPU
		{E3674121-677D-4162-909F-04B7F2CF2063}.Debug|Any CPU.Build.0 = Debug|Any CPU
		{E3674121-677D-4162-909F-04B7F2CF2063}.Debug|x64.ActiveCfg = Debug|Any CPU
		{E3674121-677D-4162-909F-04B7F2CF2063}.Debug|x64.Build.0 = Debug|Any CPU
		{E3674121-677D-4162-909F-04B7F2CF2063}.Debug|x86.ActiveCfg = Debug|Any CPU
		{E3674121-677D-4162-909F-04B7F2CF2063}.Debug|x86.Build.0 = Debug|Any CPU
		{E3674121-677D-4162-909F-04B7F2CF2063}.Release|Any CPU.ActiveCfg = Release|Any CPU
		{E3674121-677D-4162-909F-04B7F2CF2063}.Release|Any CPU.Build.0 = Release|Any CPU
		{E3674121-677D-4162-909F-04B7F2CF2063}.Release|x64.ActiveCfg = Release|Any CPU
		{E3674121-677D-4162-909F-04B7F2CF2063}.Release|x64.Build.0 = Release|Any CPU
		{E3674121-677D-4162-909F-04B7F2CF2063}.Release|x86.ActiveCfg = Release|Any CPU
		{E3674121-677D-4162-909F-04B7F2CF2063}.Release|x86.Build.0 = Release|Any CPU
		{81DDED9D-158B-E303-5F62-77A2896D2A5A}.Debug|Any CPU.ActiveCfg = Debug|Any CPU
		{81DDED9D-158B-E303-5F62-77A2896D2A5A}.Debug|Any CPU.Build.0 = Debug|Any CPU
		{81DDED9D-158B-E303-5F62-77A2896D2A5A}.Debug|x64.ActiveCfg = Debug|Any CPU
		{81DDED9D-158B-E303-5F62-77A2896D2A5A}.Debug|x64.Build.0 = Debug|Any CPU
		{81DDED9D-158B-E303-5F62-77A2896D2A5A}.Debug|x86.ActiveCfg = Debug|Any CPU
		{81DDED9D-158B-E303-5F62-77A2896D2A5A}.Debug|x86.Build.0 = Debug|Any CPU
		{81DDED9D-158B-E303-5F62-77A2896D2A5A}.Release|Any CPU.ActiveCfg = Release|Any CPU
		{81DDED9D-158B-E303-5F62-77A2896D2A5A}.Release|Any CPU.Build.0 = Release|Any CPU
		{81DDED9D-158B-E303-5F62-77A2896D2A5A}.Release|x64.ActiveCfg = Release|Any CPU
		{81DDED9D-158B-E303-5F62-77A2896D2A5A}.Release|x64.Build.0 = Release|Any CPU
		{81DDED9D-158B-E303-5F62-77A2896D2A5A}.Release|x86.ActiveCfg = Release|Any CPU
		{81DDED9D-158B-E303-5F62-77A2896D2A5A}.Release|x86.Build.0 = Release|Any CPU
	EndGlobalSection
	GlobalSection(SolutionProperties) = preSolution
		HideSolutionNode = FALSE
	EndGlobalSection
	GlobalSection(NestedProjects) = preSolution
		{8D626EA8-CB54-BC41-363A-217881BEBA6E} = {827E0CD3-B72D-47B6-A68D-7590B98EB39B}
		{507C4E6B-A698-4F2E-BD05-6174847641B9} = {8D626EA8-CB54-BC41-363A-217881BEBA6E}
		{97FE60E6-13DB-4D1B-8480-ACDDFA5F6D36} = {8D626EA8-CB54-BC41-363A-217881BEBA6E}
		{85E78B98-CFDC-4C32-B1C6-6ED9A281F1F3} = {8D626EA8-CB54-BC41-363A-217881BEBA6E}
		{5DE195B7-7E39-4502-A198-CA9E48E2680C} = {8D626EA8-CB54-BC41-363A-217881BEBA6E}
		{E3674121-677D-4162-909F-04B7F2CF2063} = {8D626EA8-CB54-BC41-363A-217881BEBA6E}
	EndGlobalSection
	GlobalSection(ExtensibilityGlobals) = postSolution
		SolutionGuid = {F6D03693-424C-4222-93BD-BE04A6C2E3FE}
	EndGlobalSection
EndGlobal
